{
  "version": 4,
  "terraform_version": "1.10.0",
  "serial": 4,
  "lineage": "c6ff92fc-0d4c-7917-6e44-b832e1470068",
  "outputs": {},
  "resources": [
    {
      "mode": "data",
      "type": "aws_iam_role",
      "name": "labrole",
      "provider": "provider[\"registry.terraform.io/hashicorp/aws\"]",
      "instances": [
        {
          "schema_version": 0,
          "attributes": {
            "arn": "arn:aws:iam::796677153840:role/LabRole",
            "assume_role_policy": "{\"Version\":\"2012-10-17\",\"Statement\":[{\"Effect\":\"Allow\",\"Principal\":{\"Service\":[\"pipes.amazonaws.com\",\"backup.amazonaws.com\",\"kinesisanalytics.amazonaws.com\",\"kinesis.amazonaws.com\",\"rds.amazonaws.com\",\"forecast.amazonaws.com\",\"events.amazonaws.com\",\"servicecatalog.amazonaws.com\",\"s3.amazonaws.com\",\"states.amazonaws.com\",\"databrew.amazonaws.com\",\"batch.amazonaws.com\",\"scheduler.amazonaws.com\",\"elasticfilesystem.amazonaws.com\",\"cloudformation.amazonaws.com\",\"ecs-tasks.amazonaws.com\",\"ec2.application-autoscaling.amazonaws.com\",\"elasticloadbalancing.amazonaws.com\",\"iot.amazonaws.com\",\"application-autoscaling.amazonaws.com\",\"autoscaling.amazonaws.com\",\"rekognition.amazonaws.com\",\"resource-groups.amazonaws.com\",\"apigateway.amazonaws.com\",\"ec2.amazonaws.com\",\"codewhisperer.amazonaws.com\",\"lambda.amazonaws.com\",\"athena.amazonaws.com\",\"cloud9.amazonaws.com\",\"logs.amazonaws.com\",\"codedeploy.amazonaws.com\",\"eks.amazonaws.com\",\"sqs.amazonaws.com\",\"credentials.iot.amazonaws.com\",\"redshift.amazonaws.com\",\"ecs.amazonaws.com\",\"secretsmanager.amazonaws.com\",\"iotanalytics.amazonaws.com\",\"sns.amazonaws.com\",\"iotevents.amazonaws.com\",\"codecommit.amazonaws.com\",\"elasticbeanstalk.amazonaws.com\",\"sagemaker.amazonaws.com\",\"kms.amazonaws.com\",\"ssm.amazonaws.com\",\"cloudtrail.amazonaws.com\",\"eks-fargate-pods.amazonaws.com\",\"dynamodb.amazonaws.com\",\"firehose.amazonaws.com\",\"cognito-idp.amazonaws.com\",\"deepracer.amazonaws.com\",\"glue.amazonaws.com\",\"elasticmapreduce.amazonaws.com\"],\"AWS\":\"arn:aws:iam::796677153840:role/LabRole\"},\"Action\":\"sts:AssumeRole\"}]}",
            "create_date": "2024-12-12T19:42:00Z",
            "description": "",
            "id": "LabRole",
            "max_session_duration": 3600,
            "name": "LabRole",
            "path": "/",
            "permissions_boundary": "",
            "role_last_used": [
              {
                "last_used_date": "",
                "region": ""
              }
            ],
            "tags": {
              "cloudlab": "c140621a3614492l8735900t1w796677153840"
            },
            "unique_id": "AROA3S7NIUQYMFNQHPFDS"
          },
          "sensitive_attributes": []
        }
      ]
    },
    {
      "mode": "data",
      "type": "aws_subnet",
      "name": "subnet",
      "provider": "provider[\"registry.terraform.io/hashicorp/aws\"]",
      "instances": [
        {
          "index_key": "subnet-03b90e0372a5991b9",
          "schema_version": 0,
          "attributes": {
            "arn": "arn:aws:ec2:us-east-1:796677153840:subnet/subnet-03b90e0372a5991b9",
            "assign_ipv6_address_on_creation": false,
            "availability_zone": "us-east-1f",
            "availability_zone_id": "use1-az5",
            "available_ip_address_count": 4091,
            "cidr_block": "172.31.64.0/20",
            "customer_owned_ipv4_pool": "",
            "default_for_az": true,
            "enable_dns64": false,
            "enable_lni_at_device_index": 0,
            "enable_resource_name_dns_a_record_on_launch": false,
            "enable_resource_name_dns_aaaa_record_on_launch": false,
            "filter": null,
            "id": "subnet-03b90e0372a5991b9",
            "ipv6_cidr_block": "",
            "ipv6_cidr_block_association_id": "",
            "ipv6_native": false,
            "map_customer_owned_ip_on_launch": false,
            "map_public_ip_on_launch": true,
            "outpost_arn": "",
            "owner_id": "796677153840",
            "private_dns_hostname_type_on_launch": "ip-name",
            "state": "available",
            "tags": {},
            "timeouts": null,
            "vpc_id": "vpc-01eb74046dee82568"
          },
          "sensitive_attributes": []
        },
        {
          "index_key": "subnet-06d286641650c9caf",
          "schema_version": 0,
          "attributes": {
            "arn": "arn:aws:ec2:us-east-1:796677153840:subnet/subnet-06d286641650c9caf",
            "assign_ipv6_address_on_creation": false,
            "availability_zone": "us-east-1c",
            "availability_zone_id": "use1-az2",
            "available_ip_address_count": 4091,
            "cidr_block": "172.31.80.0/20",
            "customer_owned_ipv4_pool": "",
            "default_for_az": true,
            "enable_dns64": false,
            "enable_lni_at_device_index": 0,
            "enable_resource_name_dns_a_record_on_launch": false,
            "enable_resource_name_dns_aaaa_record_on_launch": false,
            "filter": null,
            "id": "subnet-06d286641650c9caf",
            "ipv6_cidr_block": "",
            "ipv6_cidr_block_association_id": "",
            "ipv6_native": false,
            "map_customer_owned_ip_on_launch": false,
            "map_public_ip_on_launch": true,
            "outpost_arn": "",
            "owner_id": "796677153840",
            "private_dns_hostname_type_on_launch": "ip-name",
            "state": "available",
            "tags": {},
            "timeouts": null,
            "vpc_id": "vpc-01eb74046dee82568"
          },
          "sensitive_attributes": []
        },
        {
          "index_key": "subnet-08955cba37ca23257",
          "schema_version": 0,
          "attributes": {
            "arn": "arn:aws:ec2:us-east-1:796677153840:subnet/subnet-08955cba37ca23257",
            "assign_ipv6_address_on_creation": false,
            "availability_zone": "us-east-1a",
            "availability_zone_id": "use1-az6",
            "available_ip_address_count": 4090,
            "cidr_block": "172.31.32.0/20",
            "customer_owned_ipv4_pool": "",
            "default_for_az": true,
            "enable_dns64": false,
            "enable_lni_at_device_index": 0,
            "enable_resource_name_dns_a_record_on_launch": false,
            "enable_resource_name_dns_aaaa_record_on_launch": false,
            "filter": null,
            "id": "subnet-08955cba37ca23257",
            "ipv6_cidr_block": "",
            "ipv6_cidr_block_association_id": "",
            "ipv6_native": false,
            "map_customer_owned_ip_on_launch": false,
            "map_public_ip_on_launch": true,
            "outpost_arn": "",
            "owner_id": "796677153840",
            "private_dns_hostname_type_on_launch": "ip-name",
            "state": "available",
            "tags": {},
            "timeouts": null,
            "vpc_id": "vpc-01eb74046dee82568"
          },
          "sensitive_attributes": []
        },
        {
          "index_key": "subnet-08a5a6ada0f49a572",
          "schema_version": 0,
          "attributes": {
            "arn": "arn:aws:ec2:us-east-1:796677153840:subnet/subnet-08a5a6ada0f49a572",
            "assign_ipv6_address_on_creation": false,
            "availability_zone": "us-east-1d",
            "availability_zone_id": "use1-az4",
            "available_ip_address_count": 4091,
            "cidr_block": "172.31.16.0/20",
            "customer_owned_ipv4_pool": "",
            "default_for_az": true,
            "enable_dns64": false,
            "enable_lni_at_device_index": 0,
            "enable_resource_name_dns_a_record_on_launch": false,
            "enable_resource_name_dns_aaaa_record_on_launch": false,
            "filter": null,
            "id": "subnet-08a5a6ada0f49a572",
            "ipv6_cidr_block": "",
            "ipv6_cidr_block_association_id": "",
            "ipv6_native": false,
            "map_customer_owned_ip_on_launch": false,
            "map_public_ip_on_launch": true,
            "outpost_arn": "",
            "owner_id": "796677153840",
            "private_dns_hostname_type_on_launch": "ip-name",
            "state": "available",
            "tags": {},
            "timeouts": null,
            "vpc_id": "vpc-01eb74046dee82568"
          },
          "sensitive_attributes": []
        },
        {
          "index_key": "subnet-0efd1f00541628382",
          "schema_version": 0,
          "attributes": {
            "arn": "arn:aws:ec2:us-east-1:796677153840:subnet/subnet-0efd1f00541628382",
            "assign_ipv6_address_on_creation": false,
            "availability_zone": "us-east-1e",
            "availability_zone_id": "use1-az3",
            "available_ip_address_count": 4091,
            "cidr_block": "172.31.48.0/20",
            "customer_owned_ipv4_pool": "",
            "default_for_az": true,
            "enable_dns64": false,
            "enable_lni_at_device_index": 0,
            "enable_resource_name_dns_a_record_on_launch": false,
            "enable_resource_name_dns_aaaa_record_on_launch": false,
            "filter": null,
            "id": "subnet-0efd1f00541628382",
            "ipv6_cidr_block": "",
            "ipv6_cidr_block_association_id": "",
            "ipv6_native": false,
            "map_customer_owned_ip_on_launch": false,
            "map_public_ip_on_launch": true,
            "outpost_arn": "",
            "owner_id": "796677153840",
            "private_dns_hostname_type_on_launch": "ip-name",
            "state": "available",
            "tags": {},
            "timeouts": null,
            "vpc_id": "vpc-01eb74046dee82568"
          },
          "sensitive_attributes": []
        },
        {
          "index_key": "subnet-0f395c10e2cd485d1",
          "schema_version": 0,
          "attributes": {
            "arn": "arn:aws:ec2:us-east-1:796677153840:subnet/subnet-0f395c10e2cd485d1",
            "assign_ipv6_address_on_creation": false,
            "availability_zone": "us-east-1b",
            "availability_zone_id": "use1-az1",
            "available_ip_address_count": 4091,
            "cidr_block": "172.31.0.0/20",
            "customer_owned_ipv4_pool": "",
            "default_for_az": true,
            "enable_dns64": false,
            "enable_lni_at_device_index": 0,
            "enable_resource_name_dns_a_record_on_launch": false,
            "enable_resource_name_dns_aaaa_record_on_launch": false,
            "filter": null,
            "id": "subnet-0f395c10e2cd485d1",
            "ipv6_cidr_block": "",
            "ipv6_cidr_block_association_id": "",
            "ipv6_native": false,
            "map_customer_owned_ip_on_launch": false,
            "map_public_ip_on_launch": true,
            "outpost_arn": "",
            "owner_id": "796677153840",
            "private_dns_hostname_type_on_launch": "ip-name",
            "state": "available",
            "tags": {},
            "timeouts": null,
            "vpc_id": "vpc-01eb74046dee82568"
          },
          "sensitive_attributes": []
        }
      ]
    },
    {
      "mode": "data",
      "type": "aws_subnets",
      "name": "subnets",
      "provider": "provider[\"registry.terraform.io/hashicorp/aws\"]",
      "instances": [
        {
          "schema_version": 0,
          "attributes": {
            "filter": [
              {
                "name": "vpc-id",
                "values": [
                  "vpc-01eb74046dee82568"
                ]
              }
            ],
            "id": "us-east-1",
            "ids": [
              "subnet-08955cba37ca23257",
              "subnet-06d286641650c9caf",
              "subnet-0efd1f00541628382",
              "subnet-08a5a6ada0f49a572",
              "subnet-0f395c10e2cd485d1",
              "subnet-03b90e0372a5991b9"
            ],
            "tags": null,
            "timeouts": null
          },
          "sensitive_attributes": []
        }
      ]
    },
    {
      "mode": "data",
      "type": "aws_vpc",
      "name": "vpc",
      "provider": "provider[\"registry.terraform.io/hashicorp/aws\"]",
      "instances": [
        {
          "schema_version": 0,
          "attributes": {
            "arn": "arn:aws:ec2:us-east-1:796677153840:vpc/vpc-01eb74046dee82568",
            "cidr_block": "172.31.0.0/16",
            "cidr_block_associations": [
              {
                "association_id": "vpc-cidr-assoc-0fe3ecb501ef4e431",
                "cidr_block": "172.31.0.0/16",
                "state": "associated"
              }
            ],
            "default": true,
            "dhcp_options_id": "dopt-0baf448a31d0f5b6b",
            "enable_dns_hostnames": true,
            "enable_dns_support": true,
            "enable_network_address_usage_metrics": false,
            "filter": null,
            "id": "vpc-01eb74046dee82568",
            "instance_tenancy": "default",
            "ipv6_association_id": "",
            "ipv6_cidr_block": "",
            "main_route_table_id": "rtb-046a6e3b28849b5a6",
            "owner_id": "796677153840",
            "state": null,
            "tags": {},
            "timeouts": null
          },
          "sensitive_attributes": []
        }
      ]
    },
    {
      "mode": "managed",
      "type": "aws_db_instance",
      "name": "rds-fastfood",
      "provider": "provider[\"registry.terraform.io/hashicorp/aws\"]",
      "instances": [
        {
          "schema_version": 2,
          "attributes": {
            "address": "terraform-20241212200606126200000001.cpiqlovgoygl.us-east-1.rds.amazonaws.com",
            "allocated_storage": 20,
            "allow_major_version_upgrade": null,
            "apply_immediately": false,
            "arn": "arn:aws:rds:us-east-1:796677153840:db:terraform-20241212200606126200000001",
            "auto_minor_version_upgrade": true,
            "availability_zone": "us-east-1c",
            "backup_retention_period": 0,
            "backup_target": "region",
            "backup_window": "08:45-09:15",
            "blue_green_update": [],
            "ca_cert_identifier": "rds-ca-rsa2048-g1",
            "character_set_name": "",
            "copy_tags_to_snapshot": false,
            "custom_iam_instance_profile": "",
            "customer_owned_ip_enabled": false,
            "db_name": "lanchonetedb",
            "db_subnet_group_name": "db-subnet-group",
            "dedicated_log_volume": false,
            "delete_automated_backups": true,
            "deletion_protection": false,
            "domain": "",
            "domain_auth_secret_arn": "",
            "domain_dns_ips": null,
            "domain_fqdn": "",
            "domain_iam_role_name": "",
            "domain_ou": "",
            "enabled_cloudwatch_logs_exports": null,
            "endpoint": "terraform-20241212200606126200000001.cpiqlovgoygl.us-east-1.rds.amazonaws.com:3306",
            "engine": "mysql",
            "engine_lifecycle_support": "open-source-rds-extended-support",
            "engine_version": "8.0",
            "engine_version_actual": "8.0.39",
            "final_snapshot_identifier": null,
            "hosted_zone_id": "Z2R2ITUGPM61AM",
            "iam_database_authentication_enabled": false,
            "id": "db-7XSQ5VCLN3BZTULMREC7RQHIRA",
            "identifier": "terraform-20241212200606126200000001",
            "identifier_prefix": "terraform-",
            "instance_class": "db.t3.micro",
            "iops": 0,
            "kms_key_id": "",
            "latest_restorable_time": "",
            "license_model": "general-public-license",
            "listener_endpoint": [],
            "maintenance_window": "sat:07:35-sat:08:05",
            "manage_master_user_password": null,
            "master_user_secret": [],
            "master_user_secret_kms_key_id": null,
            "max_allocated_storage": 0,
            "monitoring_interval": 0,
            "monitoring_role_arn": "",
            "multi_az": false,
            "nchar_character_set_name": "",
            "network_type": "IPV4",
            "option_group_name": "default:mysql-8-0",
            "parameter_group_name": "default.mysql8.0",
            "password": "password123",
            "performance_insights_enabled": false,
            "performance_insights_kms_key_id": "",
            "performance_insights_retention_period": 0,
            "port": 3306,
            "publicly_accessible": true,
            "replica_mode": "",
            "replicas": [],
            "replicate_source_db": "",
            "resource_id": "db-7XSQ5VCLN3BZTULMREC7RQHIRA",
            "restore_to_point_in_time": [],
            "s3_import": [],
            "skip_final_snapshot": true,
            "snapshot_identifier": null,
            "status": "available",
            "storage_encrypted": false,
            "storage_throughput": 0,
            "storage_type": "gp2",
            "tags": {
              "Name": "Fastfood-RDS"
            },
            "tags_all": {
              "Name": "Fastfood-RDS"
            },
            "timeouts": null,
            "timezone": "",
            "upgrade_storage_config": null,
            "username": "sa",
            "vpc_security_group_ids": [
              "sg-01c1f4820bcf93704"
            ]
          },
          "sensitive_attributes": [
            [
              {
                "type": "get_attr",
                "value": "password"
              }
            ]
          ],
          "private": "eyJlMmJmYjczMC1lY2FhLTExZTYtOGY4OC0zNDM2M2JjN2M0YzAiOnsiY3JlYXRlIjozMDAwMDAwMDAwMDAwLCJkZWxldGUiOjM2MDAwMDAwMDAwMDAsInVwZGF0ZSI6NDgwMDAwMDAwMDAwMH0sInNjaGVtYV92ZXJzaW9uIjoiMiJ9",
          "dependencies": [
            "aws_db_subnet_group.fastfood",
            "aws_security_group.rds_sg",
            "data.aws_subnet.subnet",
            "data.aws_subnets.subnets",
            "data.aws_vpc.vpc"
          ]
        }
      ]
    },
    {
      "mode": "managed",
      "type": "aws_db_subnet_group",
      "name": "fastfood",
      "provider": "provider[\"registry.terraform.io/hashicorp/aws\"]",
      "instances": [
        {
          "schema_version": 0,
          "attributes": {
            "arn": "arn:aws:rds:us-east-1:796677153840:subgrp:db-subnet-group",
            "description": "Managed by Terraform",
            "id": "db-subnet-group",
            "name": "db-subnet-group",
            "name_prefix": "",
            "subnet_ids": [
              "subnet-03b90e0372a5991b9",
              "subnet-06d286641650c9caf",
              "subnet-08955cba37ca23257",
              "subnet-08a5a6ada0f49a572",
              "subnet-0f395c10e2cd485d1"
            ],
            "supported_network_types": [
              "IPV4"
            ],
            "tags": {
              "Name": "DB-Subnet-Group"
            },
            "tags_all": {
              "Name": "DB-Subnet-Group"
            },
            "vpc_id": "vpc-01eb74046dee82568"
          },
          "sensitive_attributes": [],
          "private": "bnVsbA==",
          "dependencies": [
            "data.aws_subnet.subnet",
            "data.aws_subnets.subnets",
            "data.aws_vpc.vpc"
          ]
        }
      ]
    },
    {
      "mode": "managed",
      "type": "aws_security_group",
      "name": "rds_sg",
      "provider": "provider[\"registry.terraform.io/hashicorp/aws\"]",
      "instances": [
        {
          "schema_version": 1,
          "attributes": {
            "arn": "arn:aws:ec2:us-east-1:796677153840:security-group/sg-01c1f4820bcf93704",
            "description": "Allow MySQL traffic",
            "egress": [
              {
                "cidr_blocks": [
                  "0.0.0.0/0"
                ],
                "description": "",
                "from_port": 0,
                "ipv6_cidr_blocks": [],
                "prefix_list_ids": [],
                "protocol": "-1",
                "security_groups": [],
                "self": false,
                "to_port": 0
              }
            ],
            "id": "sg-01c1f4820bcf93704",
            "ingress": [
              {
                "cidr_blocks": [
                  "0.0.0.0/0"
                ],
                "description": "",
                "from_port": 3306,
                "ipv6_cidr_blocks": [],
                "prefix_list_ids": [],
                "protocol": "tcp",
                "security_groups": [],
                "self": false,
                "to_port": 3306
              }
            ],
            "name": "rds_sg",
            "name_prefix": "",
            "owner_id": "796677153840",
            "revoke_rules_on_delete": false,
            "tags": {
              "Name": "RDS Security Group"
            },
            "tags_all": {
              "Name": "RDS Security Group"
            },
            "timeouts": null,
            "vpc_id": "vpc-01eb74046dee82568"
          },
          "sensitive_attributes": [],
          "private": "eyJlMmJmYjczMC1lY2FhLTExZTYtOGY4OC0zNDM2M2JjN2M0YzAiOnsiY3JlYXRlIjo2MDAwMDAwMDAwMDAsImRlbGV0ZSI6OTAwMDAwMDAwMDAwfSwic2NoZW1hX3ZlcnNpb24iOiIxIn0=",
          "dependencies": [
            "data.aws_vpc.vpc"
          ]
        }
      ]
    }
  ],
  "check_results": null
}
